// !$*UTF8*$!
{
	archiveVersion = 1;
	classes = {
	};
	objectVersion = 46;
	objects = {

/* Begin PBXBuildFile section */
		329D9E1F39B70AA74832848D /* libPods.a in Frameworks */ = {isa = PBXBuildFile; fileRef = 6D6AAA0C7FD335F4CAA6720C /* libPods.a */; };
		8194A3051AC8DF9A007B2499 /* CenterThumbnailViewController.swift in Sources */ = {isa = PBXBuildFile; fileRef = 8194A3041AC8DF9A007B2499 /* CenterThumbnailViewController.swift */; };
		8194A3071AC8E129007B2499 /* RightOptionSettingViewController.swift in Sources */ = {isa = PBXBuildFile; fileRef = 8194A3061AC8E129007B2499 /* RightOptionSettingViewController.swift */; };
		8194A3091AC90D95007B2499 /* DynamicDrawerViewController.swift in Sources */ = {isa = PBXBuildFile; fileRef = 8194A3081AC90D95007B2499 /* DynamicDrawerViewController.swift */; };
		8194A30B1AC9221C007B2499 /* ThumbnailWaterFallCollectionViewCell.swift in Sources */ = {isa = PBXBuildFile; fileRef = 8194A30A1AC9221C007B2499 /* ThumbnailWaterFallCollectionViewCell.swift */; };
		8194A30D1AC92437007B2499 /* ImageManager.swift in Sources */ = {isa = PBXBuildFile; fileRef = 8194A30C1AC92437007B2499 /* ImageManager.swift */; };
		8194A3131ACA22D4007B2499 /* CrossThumbnailViewController.swift in Sources */ = {isa = PBXBuildFile; fileRef = 8194A3121ACA22D4007B2499 /* CrossThumbnailViewController.swift */; };
		8194A3151ACA23EB007B2499 /* CrossBaweCollectionViewCell.swift in Sources */ = {isa = PBXBuildFile; fileRef = 8194A3141ACA23EB007B2499 /* CrossBaweCollectionViewCell.swift */; };
		8194A3171ACA24CB007B2499 /* CrossBaesHeaderCollectionReusableView.swift in Sources */ = {isa = PBXBuildFile; fileRef = 8194A3161ACA24CB007B2499 /* CrossBaesHeaderCollectionReusableView.swift */; };
		8194A3191ACA2885007B2499 /* CrossThumbnailCollectionViewCell.swift in Sources */ = {isa = PBXBuildFile; fileRef = 8194A3181ACA2885007B2499 /* CrossThumbnailCollectionViewCell.swift */; };
		81BF89811ACCF747006BAEF6 /* ok.png in Resources */ = {isa = PBXBuildFile; fileRef = 81BF89801ACCF747006BAEF6 /* ok.png */; };
		81BF89831ACD0BC8006BAEF6 /* Activity Grid 2-32.png in Resources */ = {isa = PBXBuildFile; fileRef = 81BF89821ACD0BC8006BAEF6 /* Activity Grid 2-32.png */; };
		F937B5691AC82BFD0001FB6F /* AppDelegate.swift in Sources */ = {isa = PBXBuildFile; fileRef = F937B5681AC82BFD0001FB6F /* AppDelegate.swift */; };
		F937B56C1AC82BFD0001FB6F /* PhotoPicker.xcdatamodeld in Sources */ = {isa = PBXBuildFile; fileRef = F937B56A1AC82BFD0001FB6F /* PhotoPicker.xcdatamodeld */; };
		F937B56E1AC82BFD0001FB6F /* ViewController.swift in Sources */ = {isa = PBXBuildFile; fileRef = F937B56D1AC82BFD0001FB6F /* ViewController.swift */; };
		F937B5711AC82BFD0001FB6F /* Main.storyboard in Resources */ = {isa = PBXBuildFile; fileRef = F937B56F1AC82BFD0001FB6F /* Main.storyboard */; };
		F937B5731AC82BFD0001FB6F /* Images.xcassets in Resources */ = {isa = PBXBuildFile; fileRef = F937B5721AC82BFD0001FB6F /* Images.xcassets */; };
		F937B5761AC82BFD0001FB6F /* LaunchScreen.xib in Resources */ = {isa = PBXBuildFile; fileRef = F937B5741AC82BFD0001FB6F /* LaunchScreen.xib */; };
		F937B5821AC82BFE0001FB6F /* PhotoPickerTests.swift in Sources */ = {isa = PBXBuildFile; fileRef = F937B5811AC82BFE0001FB6F /* PhotoPickerTests.swift */; };
		F937B58C1AC82C2A0001FB6F /* podfile in Resources */ = {isa = PBXBuildFile; fileRef = F937B58B1AC82C2A0001FB6F /* podfile */; };
		F937B5921AC8307A0001FB6F /* waterFall.swift in Sources */ = {isa = PBXBuildFile; fileRef = F937B5911AC8307A0001FB6F /* waterFall.swift */; };
		F943372D1ACDE500005AA7DD /* icon_box-checked.png in Resources */ = {isa = PBXBuildFile; fileRef = F943372C1ACDE4FF005AA7DD /* icon_box-checked.png */; };
		F943372F1ACDE57F005AA7DD /* icon_menu.png in Resources */ = {isa = PBXBuildFile; fileRef = F943372E1ACDE57F005AA7DD /* icon_menu.png */; };
		F94337311ACDE5AD005AA7DD /* icon_trash_alt.png in Resources */ = {isa = PBXBuildFile; fileRef = F94337301ACDE5AD005AA7DD /* icon_trash_alt.png */; };
		F94337331ACDE5E4005AA7DD /* social_flickr.png in Resources */ = {isa = PBXBuildFile; fileRef = F94337321ACDE5E4005AA7DD /* social_flickr.png */; };
		F94337351ACDE997005AA7DD /* 1428027456_common_share_action-128.png in Resources */ = {isa = PBXBuildFile; fileRef = F94337341ACDE997005AA7DD /* 1428027456_common_share_action-128.png */; };
		F94337371ACDEA58005AA7DD /* 1428027456_common_share_action-128-2.png in Resources */ = {isa = PBXBuildFile; fileRef = F94337361ACDEA58005AA7DD /* 1428027456_common_share_action-128-2.png */; };
		F94337391ACDEC74005AA7DD /* 1428027456_common_share_action-128-3.png in Resources */ = {isa = PBXBuildFile; fileRef = F94337381ACDEC74005AA7DD /* 1428027456_common_share_action-128-3.png */; };
		F952B5F71AC9728B00DE515F /* photo32.png in Resources */ = {isa = PBXBuildFile; fileRef = F952B5EC1AC9728B00DE515F /* photo32.png */; };
		F952B5F81AC9728B00DE515F /* arrow426.png in Resources */ = {isa = PBXBuildFile; fileRef = F952B5ED1AC9728B00DE515F /* arrow426.png */; };
		F952B5F91AC9728B00DE515F /* check25.png in Resources */ = {isa = PBXBuildFile; fileRef = F952B5EE1AC9728B00DE515F /* check25.png */; };
		F952B5FA1AC9728B00DE515F /* pictures1.png in Resources */ = {isa = PBXBuildFile; fileRef = F952B5EF1AC9728B00DE515F /* pictures1.png */; };
		F952B5FB1AC9728B00DE515F /* move13.png in Resources */ = {isa = PBXBuildFile; fileRef = F952B5F01AC9728B00DE515F /* move13.png */; };
		F952B5FC1AC9728B00DE515F /* services-128.png in Resources */ = {isa = PBXBuildFile; fileRef = F952B5F11AC9728B00DE515F /* services-128.png */; };
		F952B5FD1AC9728B00DE515F /* Search Property-50.png in Resources */ = {isa = PBXBuildFile; fileRef = F952B5F21AC9728B00DE515F /* Search Property-50.png */; };
		F952B5FE1AC9728B00DE515F /* Activity Grid 2-50.png in Resources */ = {isa = PBXBuildFile; fileRef = F952B5F31AC9728B00DE515F /* Activity Grid 2-50.png */; };
		F952B5FF1AC9728B00DE515F /* Activity Feed 2-50.png in Resources */ = {isa = PBXBuildFile; fileRef = F952B5F41AC9728B00DE515F /* Activity Feed 2-50.png */; };
		F952B6001AC9728B00DE515F /* Settings3-50.png in Resources */ = {isa = PBXBuildFile; fileRef = F952B5F51AC9728B00DE515F /* Settings3-50.png */; };
		F952B6011AC9728B00DE515F /* Home-50.png in Resources */ = {isa = PBXBuildFile; fileRef = F952B5F61AC9728B00DE515F /* Home-50.png */; };
		F952B6041AC9753300DE515F /* information32.png in Resources */ = {isa = PBXBuildFile; fileRef = F952B6031AC9753300DE515F /* information32.png */; };
		F952B6071AC980DC00DE515F /* Activity Feed 2-51ー.png in Resources */ = {isa = PBXBuildFile; fileRef = F952B6051AC980DC00DE515F /* Activity Feed 2-51ー.png */; };
		F952B6081AC980DC00DE515F /* Home-51.png in Resources */ = {isa = PBXBuildFile; fileRef = F952B6061AC980DC00DE515F /* Home-51.png */; };
		F952B60B1ACAA58600DE515F /* MyCollectionFlowLayout.swift in Sources */ = {isa = PBXBuildFile; fileRef = F952B60A1ACAA58600DE515F /* MyCollectionFlowLayout.swift */; };
		F9F7623F1ACF947E0013BA8E /* FlickrMngr.swift in Sources */ = {isa = PBXBuildFile; fileRef = F9F7623E1ACF947E0013BA8E /* FlickrMngr.swift */; };
/* End PBXBuildFile section */

/* Begin PBXContainerItemProxy section */
		F937B57C1AC82BFE0001FB6F /* PBXContainerItemProxy */ = {
			isa = PBXContainerItemProxy;
			containerPortal = F937B55B1AC82BFD0001FB6F /* Project object */;
			proxyType = 1;
			remoteGlobalIDString = F937B5621AC82BFD0001FB6F;
			remoteInfo = PhotoPicker;
		};
/* End PBXContainerItemProxy section */

/* Begin PBXFileReference section */
		6D3368031B25772DC608BC5F /* Pods.release.xcconfig */ = {isa = PBXFileReference; includeInIndex = 1; lastKnownFileType = text.xcconfig; name = Pods.release.xcconfig; path = "Pods/Target Support Files/Pods/Pods.release.xcconfig"; sourceTree = "<group>"; };
		6D6AAA0C7FD335F4CAA6720C /* libPods.a */ = {isa = PBXFileReference; explicitFileType = archive.ar; includeInIndex = 0; path = libPods.a; sourceTree = BUILT_PRODUCTS_DIR; };
		8194A3041AC8DF9A007B2499 /* CenterThumbnailViewController.swift */ = {isa = PBXFileReference; fileEncoding = 4; lastKnownFileType = sourcecode.swift; path = CenterThumbnailViewController.swift; sourceTree = "<group>"; };
		8194A3061AC8E129007B2499 /* RightOptionSettingViewController.swift */ = {isa = PBXFileReference; fileEncoding = 4; lastKnownFileType = sourcecode.swift; path = RightOptionSettingViewController.swift; sourceTree = "<group>"; };
		8194A3081AC90D95007B2499 /* DynamicDrawerViewController.swift */ = {isa = PBXFileReference; fileEncoding = 4; lastKnownFileType = sourcecode.swift; path = DynamicDrawerViewController.swift; sourceTree = "<group>"; };
		8194A30A1AC9221C007B2499 /* ThumbnailWaterFallCollectionViewCell.swift */ = {isa = PBXFileReference; fileEncoding = 4; lastKnownFileType = sourcecode.swift; path = ThumbnailWaterFallCollectionViewCell.swift; sourceTree = "<group>"; };
		8194A30C1AC92437007B2499 /* ImageManager.swift */ = {isa = PBXFileReference; fileEncoding = 4; lastKnownFileType = sourcecode.swift; path = ImageManager.swift; sourceTree = "<group>"; };
		8194A3121ACA22D4007B2499 /* CrossThumbnailViewController.swift */ = {isa = PBXFileReference; fileEncoding = 4; lastKnownFileType = sourcecode.swift; path = CrossThumbnailViewController.swift; sourceTree = "<group>"; };
		8194A3141ACA23EB007B2499 /* CrossBaweCollectionViewCell.swift */ = {isa = PBXFileReference; fileEncoding = 4; lastKnownFileType = sourcecode.swift; path = CrossBaweCollectionViewCell.swift; sourceTree = "<group>"; };
		8194A3161ACA24CB007B2499 /* CrossBaesHeaderCollectionReusableView.swift */ = {isa = PBXFileReference; fileEncoding = 4; lastKnownFileType = sourcecode.swift; path = CrossBaesHeaderCollectionReusableView.swift; sourceTree = "<group>"; };
		8194A3181ACA2885007B2499 /* CrossThumbnailCollectionViewCell.swift */ = {isa = PBXFileReference; fileEncoding = 4; lastKnownFileType = sourcecode.swift; path = CrossThumbnailCollectionViewCell.swift; sourceTree = "<group>"; };
		81BF89801ACCF747006BAEF6 /* ok.png */ = {isa = PBXFileReference; lastKnownFileType = image.png; path = ok.png; sourceTree = "<group>"; };
		81BF89821ACD0BC8006BAEF6 /* Activity Grid 2-32.png */ = {isa = PBXFileReference; lastKnownFileType = image.png; path = "Activity Grid 2-32.png"; sourceTree = "<group>"; };
		B5C6A2334A7605C1635E03C8 /* Pods.debug.xcconfig */ = {isa = PBXFileReference; includeInIndex = 1; lastKnownFileType = text.xcconfig; name = Pods.debug.xcconfig; path = "Pods/Target Support Files/Pods/Pods.debug.xcconfig"; sourceTree = "<group>"; };
		F937B5631AC82BFD0001FB6F /* PhotoPicker.app */ = {isa = PBXFileReference; explicitFileType = wrapper.application; includeInIndex = 0; path = PhotoPicker.app; sourceTree = BUILT_PRODUCTS_DIR; };
		F937B5671AC82BFD0001FB6F /* Info.plist */ = {isa = PBXFileReference; lastKnownFileType = text.plist.xml; path = Info.plist; sourceTree = "<group>"; };
		F937B5681AC82BFD0001FB6F /* AppDelegate.swift */ = {isa = PBXFileReference; lastKnownFileType = sourcecode.swift; path = AppDelegate.swift; sourceTree = "<group>"; };
		F937B56B1AC82BFD0001FB6F /* PhotoPicker.xcdatamodel */ = {isa = PBXFileReference; lastKnownFileType = wrapper.xcdatamodel; path = PhotoPicker.xcdatamodel; sourceTree = "<group>"; };
		F937B56D1AC82BFD0001FB6F /* ViewController.swift */ = {isa = PBXFileReference; lastKnownFileType = sourcecode.swift; path = ViewController.swift; sourceTree = "<group>"; };
		F937B5701AC82BFD0001FB6F /* Base */ = {isa = PBXFileReference; lastKnownFileType = file.storyboard; name = Base; path = Base.lproj/Main.storyboard; sourceTree = "<group>"; };
		F937B5721AC82BFD0001FB6F /* Images.xcassets */ = {isa = PBXFileReference; lastKnownFileType = folder.assetcatalog; path = Images.xcassets; sourceTree = "<group>"; };
		F937B5751AC82BFD0001FB6F /* Base */ = {isa = PBXFileReference; lastKnownFileType = file.xib; name = Base; path = Base.lproj/LaunchScreen.xib; sourceTree = "<group>"; };
		F937B57B1AC82BFE0001FB6F /* PhotoPickerTests.xctest */ = {isa = PBXFileReference; explicitFileType = wrapper.cfbundle; includeInIndex = 0; path = PhotoPickerTests.xctest; sourceTree = BUILT_PRODUCTS_DIR; };
		F937B5801AC82BFE0001FB6F /* Info.plist */ = {isa = PBXFileReference; lastKnownFileType = text.plist.xml; path = Info.plist; sourceTree = "<group>"; };
		F937B5811AC82BFE0001FB6F /* PhotoPickerTests.swift */ = {isa = PBXFileReference; lastKnownFileType = sourcecode.swift; path = PhotoPickerTests.swift; sourceTree = "<group>"; };
		F937B58B1AC82C2A0001FB6F /* podfile */ = {isa = PBXFileReference; fileEncoding = 4; lastKnownFileType = text; path = podfile; sourceTree = "<group>"; };
		F937B58E1AC82F840001FB6F /* PhotoPicker-BridgeHeader.h */ = {isa = PBXFileReference; lastKnownFileType = sourcecode.c.h; path = "PhotoPicker-BridgeHeader.h"; sourceTree = "<group>"; };
		F937B5911AC8307A0001FB6F /* waterFall.swift */ = {isa = PBXFileReference; fileEncoding = 4; lastKnownFileType = sourcecode.swift; path = waterFall.swift; sourceTree = "<group>"; };
		F943372C1ACDE4FF005AA7DD /* icon_box-checked.png */ = {isa = PBXFileReference; lastKnownFileType = image.png; path = "icon_box-checked.png"; sourceTree = "<group>"; };
		F943372E1ACDE57F005AA7DD /* icon_menu.png */ = {isa = PBXFileReference; lastKnownFileType = image.png; path = icon_menu.png; sourceTree = "<group>"; };
		F94337301ACDE5AD005AA7DD /* icon_trash_alt.png */ = {isa = PBXFileReference; lastKnownFileType = image.png; path = icon_trash_alt.png; sourceTree = "<group>"; };
		F94337321ACDE5E4005AA7DD /* social_flickr.png */ = {isa = PBXFileReference; lastKnownFileType = image.png; path = social_flickr.png; sourceTree = "<group>"; };
		F94337341ACDE997005AA7DD /* 1428027456_common_share_action-128.png */ = {isa = PBXFileReference; lastKnownFileType = image.png; path = "1428027456_common_share_action-128.png"; sourceTree = "<group>"; };
		F94337361ACDEA58005AA7DD /* 1428027456_common_share_action-128-2.png */ = {isa = PBXFileReference; lastKnownFileType = image.png; path = "1428027456_common_share_action-128-2.png"; sourceTree = "<group>"; };
		F94337381ACDEC74005AA7DD /* 1428027456_common_share_action-128-3.png */ = {isa = PBXFileReference; lastKnownFileType = image.png; path = "1428027456_common_share_action-128-3.png"; sourceTree = "<group>"; };
		F952B5EC1AC9728B00DE515F /* photo32.png */ = {isa = PBXFileReference; lastKnownFileType = image.png; path = photo32.png; sourceTree = "<group>"; };
		F952B5ED1AC9728B00DE515F /* arrow426.png */ = {isa = PBXFileReference; lastKnownFileType = image.png; path = arrow426.png; sourceTree = "<group>"; };
		F952B5EE1AC9728B00DE515F /* check25.png */ = {isa = PBXFileReference; lastKnownFileType = image.png; path = check25.png; sourceTree = "<group>"; };
		F952B5EF1AC9728B00DE515F /* pictures1.png */ = {isa = PBXFileReference; lastKnownFileType = image.png; path = pictures1.png; sourceTree = "<group>"; };
		F952B5F01AC9728B00DE515F /* move13.png */ = {isa = PBXFileReference; lastKnownFileType = image.png; path = move13.png; sourceTree = "<group>"; };
		F952B5F11AC9728B00DE515F /* services-128.png */ = {isa = PBXFileReference; lastKnownFileType = image.png; path = "services-128.png"; sourceTree = "<group>"; };
		F952B5F21AC9728B00DE515F /* Search Property-50.png */ = {isa = PBXFileReference; lastKnownFileType = image.png; path = "Search Property-50.png"; sourceTree = "<group>"; };
		F952B5F31AC9728B00DE515F /* Activity Grid 2-50.png */ = {isa = PBXFileReference; lastKnownFileType = image.png; path = "Activity Grid 2-50.png"; sourceTree = "<group>"; };
		F952B5F41AC9728B00DE515F /* Activity Feed 2-50.png */ = {isa = PBXFileReference; lastKnownFileType = image.png; path = "Activity Feed 2-50.png"; sourceTree = "<group>"; };
		F952B5F51AC9728B00DE515F /* Settings3-50.png */ = {isa = PBXFileReference; lastKnownFileType = image.png; path = "Settings3-50.png"; sourceTree = "<group>"; };
		F952B5F61AC9728B00DE515F /* Home-50.png */ = {isa = PBXFileReference; lastKnownFileType = image.png; path = "Home-50.png"; sourceTree = "<group>"; };
		F952B6031AC9753300DE515F /* information32.png */ = {isa = PBXFileReference; lastKnownFileType = image.png; path = information32.png; sourceTree = "<group>"; };
		F952B6051AC980DC00DE515F /* Activity Feed 2-51ー.png */ = {isa = PBXFileReference; lastKnownFileType = image.png; path = "Activity Feed 2-51ー.png"; sourceTree = "<group>"; };
		F952B6061AC980DC00DE515F /* Home-51.png */ = {isa = PBXFileReference; lastKnownFileType = image.png; path = "Home-51.png"; sourceTree = "<group>"; };
		F952B60A1ACAA58600DE515F /* MyCollectionFlowLayout.swift */ = {isa = PBXFileReference; fileEncoding = 4; lastKnownFileType = sourcecode.swift; path = MyCollectionFlowLayout.swift; sourceTree = "<group>"; };
		F9F7623E1ACF947E0013BA8E /* FlickrMngr.swift */ = {isa = PBXFileReference; fileEncoding = 4; lastKnownFileType = sourcecode.swift; path = FlickrMngr.swift; sourceTree = "<group>"; };
/* End PBXFileReference section */

/* Begin PBXFrameworksBuildPhase section */
		F937B5601AC82BFD0001FB6F /* Frameworks */ = {
			isa = PBXFrameworksBuildPhase;
			buildActionMask = 2147483647;
			files = (
				329D9E1F39B70AA74832848D /* libPods.a in Frameworks */,
			);
			runOnlyForDeploymentPostprocessing = 0;
		};
		F937B5781AC82BFE0001FB6F /* Frameworks */ = {
			isa = PBXFrameworksBuildPhase;
			buildActionMask = 2147483647;
			files = (
			);
			runOnlyForDeploymentPostprocessing = 0;
		};
/* End PBXFrameworksBuildPhase section */

/* Begin PBXGroup section */
		301B6FD576AC5614CC69BAC9 /* Pods */ = {
			isa = PBXGroup;
			children = (
				B5C6A2334A7605C1635E03C8 /* Pods.debug.xcconfig */,
				6D3368031B25772DC608BC5F /* Pods.release.xcconfig */,
			);
			name = Pods;
			sourceTree = "<group>";
		};
		5B65D9DB0869A873F178985B /* Frameworks */ = {
			isa = PBXGroup;
			children = (
				6D6AAA0C7FD335F4CAA6720C /* libPods.a */,
			);
			name = Frameworks;
			sourceTree = "<group>";
		};
		8194A31A1ACA2DB0007B2499 /* ViewController */ = {
			isa = PBXGroup;
			children = (
				8194A3061AC8E129007B2499 /* RightOptionSettingViewController.swift */,
				8194A3081AC90D95007B2499 /* DynamicDrawerViewController.swift */,
				8194A3121ACA22D4007B2499 /* CrossThumbnailViewController.swift */,
				8194A3041AC8DF9A007B2499 /* CenterThumbnailViewController.swift */,
			);
			name = ViewController;
			sourceTree = "<group>";
		};
		8194A31B1ACA2DBB007B2499 /* Cell */ = {
			isa = PBXGroup;
			children = (
				8194A30A1AC9221C007B2499 /* ThumbnailWaterFallCollectionViewCell.swift */,
				8194A3181ACA2885007B2499 /* CrossThumbnailCollectionViewCell.swift */,
				8194A3141ACA23EB007B2499 /* CrossBaweCollectionViewCell.swift */,
			);
			name = Cell;
			sourceTree = "<group>";
		};
		F937B55A1AC82BFD0001FB6F = {
			isa = PBXGroup;
			children = (
				F937B58B1AC82C2A0001FB6F /* podfile */,
				F937B5651AC82BFD0001FB6F /* PhotoPicker */,
				F937B57E1AC82BFE0001FB6F /* PhotoPickerTests */,
				F937B5641AC82BFD0001FB6F /* Products */,
				301B6FD576AC5614CC69BAC9 /* Pods */,
				5B65D9DB0869A873F178985B /* Frameworks */,
			);
			sourceTree = "<group>";
		};
		F937B5641AC82BFD0001FB6F /* Products */ = {
			isa = PBXGroup;
			children = (
				F937B5631AC82BFD0001FB6F /* PhotoPicker.app */,
				F937B57B1AC82BFE0001FB6F /* PhotoPickerTests.xctest */,
			);
			name = Products;
			sourceTree = "<group>";
		};
		F937B5651AC82BFD0001FB6F /* PhotoPicker */ = {
			isa = PBXGroup;
			children = (
				8194A31B1ACA2DBB007B2499 /* Cell */,
				8194A31A1ACA2DB0007B2499 /* ViewController */,
				F952B6021AC972AA00DE515F /* icon */,
				8194A30C1AC92437007B2499 /* ImageManager.swift */,
				F9F7623E1ACF947E0013BA8E /* FlickrMngr.swift */,
				F937B5911AC8307A0001FB6F /* waterFall.swift */,
				F937B5681AC82BFD0001FB6F /* AppDelegate.swift */,
				F937B56D1AC82BFD0001FB6F /* ViewController.swift */,
				F937B56F1AC82BFD0001FB6F /* Main.storyboard */,
				8194A3161ACA24CB007B2499 /* CrossBaesHeaderCollectionReusableView.swift */,
				F937B5721AC82BFD0001FB6F /* Images.xcassets */,
				F937B5741AC82BFD0001FB6F /* LaunchScreen.xib */,
				F937B56A1AC82BFD0001FB6F /* PhotoPicker.xcdatamodeld */,
				F937B5661AC82BFD0001FB6F /* Supporting Files */,
				F937B58E1AC82F840001FB6F /* PhotoPicker-BridgeHeader.h */,
				F952B60A1ACAA58600DE515F /* MyCollectionFlowLayout.swift */,
			);
			path = PhotoPicker;
			sourceTree = "<group>";
		};
		F937B5661AC82BFD0001FB6F /* Supporting Files */ = {
			isa = PBXGroup;
			children = (
				F937B5671AC82BFD0001FB6F /* Info.plist */,
			);
			name = "Supporting Files";
			sourceTree = "<group>";
		};
		F937B57E1AC82BFE0001FB6F /* PhotoPickerTests */ = {
			isa = PBXGroup;
			children = (
				F937B5811AC82BFE0001FB6F /* PhotoPickerTests.swift */,
				F937B57F1AC82BFE0001FB6F /* Supporting Files */,
			);
			path = PhotoPickerTests;
			sourceTree = "<group>";
		};
		F937B57F1AC82BFE0001FB6F /* Supporting Files */ = {
			isa = PBXGroup;
			children = (
				F937B5801AC82BFE0001FB6F /* Info.plist */,
			);
			name = "Supporting Files";
			sourceTree = "<group>";
		};
		F952B6021AC972AA00DE515F /* icon */ = {
			isa = PBXGroup;
			children = (
				F943372E1ACDE57F005AA7DD /* icon_menu.png */,
				F94337381ACDEC74005AA7DD /* 1428027456_common_share_action-128-3.png */,
				F94337341ACDE997005AA7DD /* 1428027456_common_share_action-128.png */,
				F94337361ACDEA58005AA7DD /* 1428027456_common_share_action-128-2.png */,
				F94337321ACDE5E4005AA7DD /* social_flickr.png */,
				F94337301ACDE5AD005AA7DD /* icon_trash_alt.png */,
				F943372C1ACDE4FF005AA7DD /* icon_box-checked.png */,
				81BF89821ACD0BC8006BAEF6 /* Activity Grid 2-32.png */,
				81BF89801ACCF747006BAEF6 /* ok.png */,
				F952B6051AC980DC00DE515F /* Activity Feed 2-51ー.png */,
				F952B6061AC980DC00DE515F /* Home-51.png */,
				F952B6031AC9753300DE515F /* information32.png */,
				F952B5EC1AC9728B00DE515F /* photo32.png */,
				F952B5ED1AC9728B00DE515F /* arrow426.png */,
				F952B5EE1AC9728B00DE515F /* check25.png */,
				F952B5EF1AC9728B00DE515F /* pictures1.png */,
				F952B5F01AC9728B00DE515F /* move13.png */,
				F952B5F11AC9728B00DE515F /* services-128.png */,
				F952B5F21AC9728B00DE515F /* Search Property-50.png */,
				F952B5F31AC9728B00DE515F /* Activity Grid 2-50.png */,
				F952B5F41AC9728B00DE515F /* Activity Feed 2-50.png */,
				F952B5F51AC9728B00DE515F /* Settings3-50.png */,
				F952B5F61AC9728B00DE515F /* Home-50.png */,
			);
			name = icon;
			sourceTree = "<group>";
		};
/* End PBXGroup section */

/* Begin PBXNativeTarget section */
		F937B5621AC82BFD0001FB6F /* PhotoPicker */ = {
			isa = PBXNativeTarget;
			buildConfigurationList = F937B5851AC82BFE0001FB6F /* Build configuration list for PBXNativeTarget "PhotoPicker" */;
			buildPhases = (
				68AA168798BE6539A222E17A /* Check Pods Manifest.lock */,
				F937B55F1AC82BFD0001FB6F /* Sources */,
				F937B5601AC82BFD0001FB6F /* Frameworks */,
				F937B5611AC82BFD0001FB6F /* Resources */,
				4749C4FF85C83361F2E6D48B /* Copy Pods Resources */,
			);
			buildRules = (
			);
			dependencies = (
			);
			name = PhotoPicker;
			productName = PhotoPicker;
			productReference = F937B5631AC82BFD0001FB6F /* PhotoPicker.app */;
			productType = "com.apple.product-type.application";
		};
		F937B57A1AC82BFE0001FB6F /* PhotoPickerTests */ = {
			isa = PBXNativeTarget;
			buildConfigurationList = F937B5881AC82BFE0001FB6F /* Build configuration list for PBXNativeTarget "PhotoPickerTests" */;
			buildPhases = (
				F937B5771AC82BFE0001FB6F /* Sources */,
				F937B5781AC82BFE0001FB6F /* Frameworks */,
				F937B5791AC82BFE0001FB6F /* Resources */,
			);
			buildRules = (
			);
			dependencies = (
				F937B57D1AC82BFE0001FB6F /* PBXTargetDependency */,
			);
			name = PhotoPickerTests;
			productName = PhotoPickerTests;
			productReference = F937B57B1AC82BFE0001FB6F /* PhotoPickerTests.xctest */;
			productType = "com.apple.product-type.bundle.unit-test";
		};
/* End PBXNativeTarget section */

/* Begin PBXProject section */
		F937B55B1AC82BFD0001FB6F /* Project object */ = {
			isa = PBXProject;
			attributes = {
				LastUpgradeCheck = 0620;
				ORGANIZATIONNAME = "&#30456;&#28580; &#38534;&#24535;";
				TargetAttributes = {
					F937B5621AC82BFD0001FB6F = {
						CreatedOnToolsVersion = 6.2;
					};
					F937B57A1AC82BFE0001FB6F = {
						CreatedOnToolsVersion = 6.2;
						TestTargetID = F937B5621AC82BFD0001FB6F;
					};
				};
			};
			buildConfigurationList = F937B55E1AC82BFD0001FB6F /* Build configuration list for PBXProject "PhotoPicker" */;
			compatibilityVersion = "Xcode 3.2";
			developmentRegion = English;
			hasScannedForEncodings = 0;
			knownRegions = (
				en,
				Base,
			);
			mainGroup = F937B55A1AC82BFD0001FB6F;
			productRefGroup = F937B5641AC82BFD0001FB6F /* Products */;
			projectDirPath = "";
			projectRoot = "";
			targets = (
				F937B5621AC82BFD0001FB6F /* PhotoPicker */,
				F937B57A1AC82BFE0001FB6F /* PhotoPickerTests */,
			);
		};
/* End PBXProject section */

/* Begin PBXResourcesBuildPhase section */
		F937B5611AC82BFD0001FB6F /* Resources */ = {
			isa = PBXResourcesBuildPhase;
			buildActionMask = 2147483647;
			files = (
				F952B5FD1AC9728B00DE515F /* Search Property-50.png in Resources */,
				F952B5FA1AC9728B00DE515F /* pictures1.png in Resources */,
				F943372D1ACDE500005AA7DD /* icon_box-checked.png in Resources */,
				F94337351ACDE997005AA7DD /* 1428027456_common_share_action-128.png in Resources */,
				F937B5711AC82BFD0001FB6F /* Main.storyboard in Resources */,
				F952B6001AC9728B00DE515F /* Settings3-50.png in Resources */,
				F952B5F91AC9728B00DE515F /* check25.png in Resources */,
				F94337311ACDE5AD005AA7DD /* icon_trash_alt.png in Resources */,
				81BF89811ACCF747006BAEF6 /* ok.png in Resources */,
				F952B5FE1AC9728B00DE515F /* Activity Grid 2-50.png in Resources */,
				F952B6081AC980DC00DE515F /* Home-51.png in Resources */,
				F943372F1ACDE57F005AA7DD /* icon_menu.png in Resources */,
				F952B6071AC980DC00DE515F /* Activity Feed 2-51ー.png in Resources */,
				F952B5FC1AC9728B00DE515F /* services-128.png in Resources */,
				F952B5F71AC9728B00DE515F /* photo32.png in Resources */,
				F952B5F81AC9728B00DE515F /* arrow426.png in Resources */,
				F952B6011AC9728B00DE515F /* Home-50.png in Resources */,
				F94337391ACDEC74005AA7DD /* 1428027456_common_share_action-128-3.png in Resources */,
				F952B5FB1AC9728B00DE515F /* move13.png in Resources */,
				F94337331ACDE5E4005AA7DD /* social_flickr.png in Resources */,
				F937B5761AC82BFD0001FB6F /* LaunchScreen.xib in Resources */,
				F94337371ACDEA58005AA7DD /* 1428027456_common_share_action-128-2.png in Resources */,
				F937B58C1AC82C2A0001FB6F /* podfile in Resources */,
				81BF89831ACD0BC8006BAEF6 /* Activity Grid 2-32.png in Resources */,
				F952B5FF1AC9728B00DE515F /* Activity Feed 2-50.png in Resources */,
				F937B5731AC82BFD0001FB6F /* Images.xcassets in Resources */,
				F952B6041AC9753300DE515F /* information32.png in Resources */,
			);
			runOnlyForDeploymentPostprocessing = 0;
		};
		F937B5791AC82BFE0001FB6F /* Resources */ = {
			isa = PBXResourcesBuildPhase;
			buildActionMask = 2147483647;
			files = (
			);
			runOnlyForDeploymentPostprocessing = 0;
		};
/* End PBXResourcesBuildPhase section */

/* Begin PBXShellScriptBuildPhase section */
		4749C4FF85C83361F2E6D48B /* Copy Pods Resources */ = {
			isa = PBXShellScriptBuildPhase;
			buildActionMask = 2147483647;
			files = (
			);
			inputPaths = (
			);
			name = "Copy Pods Resources";
			outputPaths = (
			);
			runOnlyForDeploymentPostprocessing = 0;
			shellPath = /bin/sh;
			shellScript = "\"${SRCROOT}/Pods/Target Support Files/Pods/Pods-resources.sh\"\n";
			showEnvVarsInLog = 0;
		};
		68AA168798BE6539A222E17A /* Check Pods Manifest.lock */ = {
			isa = PBXShellScriptBuildPhase;
			buildActionMask = 2147483647;
			files = (
			);
			inputPaths = (
			);
			name = "Check Pods Manifest.lock";
			outputPaths = (
			);
			runOnlyForDeploymentPostprocessing = 0;
			shellPath = /bin/sh;
			shellScript = "diff \"${PODS_ROOT}/../Podfile.lock\" \"${PODS_ROOT}/Manifest.lock\" > /dev/null\nif [[ $? != 0 ]] ; then\n    cat << EOM\nerror: The sandbox is not in sync with the Podfile.lock. Run 'pod install' or update your CocoaPods installation.\nEOM\n    exit 1\nfi\n";
			showEnvVarsInLog = 0;
		};
/* End PBXShellScriptBuildPhase section */

/* Begin PBXSourcesBuildPhase section */
		F937B55F1AC82BFD0001FB6F /* Sources */ = {
			isa = PBXSourcesBuildPhase;
			buildActionMask = 2147483647;
			files = (
				F937B56E1AC82BFD0001FB6F /* ViewController.swift in Sources */,
				F937B56C1AC82BFD0001FB6F /* PhotoPicker.xcdatamodeld in Sources */,
				8194A3171ACA24CB007B2499 /* CrossBaesHeaderCollectionReusableView.swift in Sources */,
				8194A3071AC8E129007B2499 /* RightOptionSettingViewController.swift in Sources */,
				8194A30D1AC92437007B2499 /* ImageManager.swift in Sources */,
				F937B5691AC82BFD0001FB6F /* AppDelegate.swift in Sources */,
				8194A3051AC8DF9A007B2499 /* CenterThumbnailViewController.swift in Sources */,
				F937B5921AC8307A0001FB6F /* waterFall.swift in Sources */,
				F9F7623F1ACF947E0013BA8E /* FlickrMngr.swift in Sources */,
				8194A3091AC90D95007B2499 /* DynamicDrawerViewController.swift in Sources */,
				F952B60B1ACAA58600DE515F /* MyCollectionFlowLayout.swift in Sources */,
				8194A3131ACA22D4007B2499 /* CrossThumbnailViewController.swift in Sources */,
				8194A30B1AC9221C007B2499 /* ThumbnailWaterFallCollectionViewCell.swift in Sources */,
				8194A3151ACA23EB007B2499 /* CrossBaweCollectionViewCell.swift in Sources */,
				8194A3191ACA2885007B2499 /* CrossThumbnailCollectionViewCell.swift in Sources */,
			);
			runOnlyForDeploymentPostprocessing = 0;
		};
		F937B5771AC82BFE0001FB6F /* Sources */ = {
			isa = PBXSourcesBuildPhase;
			buildActionMask = 2147483647;
			files = (
				F937B5821AC82BFE0001FB6F /* PhotoPickerTests.swift in Sources */,
			);
			runOnlyForDeploymentPostprocessing = 0;
		};
/* End PBXSourcesBuildPhase section */

/* Begin PBXTargetDependency section */
		F937B57D1AC82BFE0001FB6F /* PBXTargetDependency */ = {
			isa = PBXTargetDependency;
			target = F937B5621AC82BFD0001FB6F /* PhotoPicker */;
			targetProxy = F937B57C1AC82BFE0001FB6F /* PBXContainerItemProxy */;
		};
/* End PBXTargetDependency section */

/* Begin PBXVariantGroup section */
		F937B56F1AC82BFD0001FB6F /* Main.storyboard */ = {
			isa = PBXVariantGroup;
			children = (
				F937B5701AC82BFD0001FB6F /* Base */,
			);
			name = Main.storyboard;
			sourceTree = "<group>";
		};
		F937B5741AC82BFD0001FB6F /* LaunchScreen.xib */ = {
			isa = PBXVariantGroup;
			children = (
				F937B5751AC82BFD0001FB6F /* Base */,
			);
			name = LaunchScreen.xib;
			sourceTree = "<group>";
		};
/* End PBXVariantGroup section */

/* Begin XCBuildConfiguration section */
		F937B5831AC82BFE0001FB6F /* Debug */ = {
			isa = XCBuildConfiguration;
			buildSettings = {
				ALWAYS_SEARCH_USER_PATHS = NO;
				CLANG_CXX_LANGUAGE_STANDARD = "gnu++0x";
				CLANG_CXX_LIBRARY = "libc++";
				CLANG_ENABLE_MODULES = YES;
				CLANG_ENABLE_OBJC_ARC = YES;
				CLANG_WARN_BOOL_CONVERSION = YES;
				CLANG_WARN_CONSTANT_CONVERSION = YES;
				CLANG_WARN_DIRECT_OBJC_ISA_USAGE = YES_ERROR;
				CLANG_WARN_EMPTY_BODY = YES;
				CLANG_WARN_ENUM_CONVERSION = YES;
				CLANG_WARN_INT_CONVERSION = YES;
				CLANG_WARN_OBJC_ROOT_CLASS = YES_ERROR;
				CLANG_WARN_UNREACHABLE_CODE = YES;
				CLANG_WARN__DUPLICATE_METHOD_MATCH = YES;
				"CODE_SIGN_IDENTITY[sdk=iphoneos*]" = "iPhone Developer";
				COPY_PHASE_STRIP = NO;
				ENABLE_STRICT_OBJC_MSGSEND = YES;
				GCC_C_LANGUAGE_STANDARD = gnu99;
				GCC_DYNAMIC_NO_PIC = NO;
				GCC_OPTIMIZATION_LEVEL = 0;
				GCC_PREPROCESSOR_DEFINITIONS = (
					"DEBUG=1",
					"$(inherited)",
				);
				GCC_SYMBOLS_PRIVATE_EXTERN = NO;
				GCC_WARN_64_TO_32_BIT_CONVERSION = YES;
				GCC_WARN_ABOUT_RETURN_TYPE = YES_ERROR;
				GCC_WARN_UNDECLARED_SELECTOR = YES;
				GCC_WARN_UNINITIALIZED_AUTOS = YES_AGGRESSIVE;
				GCC_WARN_UNUSED_FUNCTION = YES;
				GCC_WARN_UNUSED_VARIABLE = YES;
				IPHONEOS_DEPLOYMENT_TARGET = 8.2;
				MTL_ENABLE_DEBUG_INFO = YES;
				ONLY_ACTIVE_ARCH = YES;
				SDKROOT = iphoneos;
				SWIFT_OPTIMIZATION_LEVEL = "-Onone";
				TARGETED_DEVICE_FAMILY = "1,2";
			};
			name = Debug;
		};
		F937B5841AC82BFE0001FB6F /* Release */ = {
			isa = XCBuildConfiguration;
			buildSettings = {
				ALWAYS_SEARCH_USER_PATHS = NO;
				CLANG_CXX_LANGUAGE_STANDARD = "gnu++0x";
				CLANG_CXX_LIBRARY = "libc++";
				CLANG_ENABLE_MODULES = YES;
				CLANG_ENABLE_OBJC_ARC = YES;
				CLANG_WARN_BOOL_CONVERSION = YES;
				CLANG_WARN_CONSTANT_CONVERSION = YES;
				CLANG_WARN_DIRECT_OBJC_ISA_USAGE = YES_ERROR;
				CLANG_WARN_EMPTY_BODY = YES;
				CLANG_WARN_ENUM_CONVERSION = YES;
				CLANG_WARN_INT_CONVERSION = YES;
				CLANG_WARN_OBJC_ROOT_CLASS = YES_ERROR;
				CLANG_WARN_UNREACHABLE_CODE = YES;
				CLANG_WARN__DUPLICATE_METHOD_MATCH = YES;
				"CODE_SIGN_IDENTITY[sdk=iphoneos*]" = "iPhone Developer";
				COPY_PHASE_STRIP = NO;
				ENABLE_NS_ASSERTIONS = NO;
				ENABLE_STRICT_OBJC_MSGSEND = YES;
				GCC_C_LANGUAGE_STANDARD = gnu99;
				GCC_WARN_64_TO_32_BIT_CONVERSION = YES;
				GCC_WARN_ABOUT_RETURN_TYPE = YES_ERROR;
				GCC_WARN_UNDECLARED_SELECTOR = YES;
				GCC_WARN_UNINITIALIZED_AUTOS = YES_AGGRESSIVE;
				GCC_WARN_UNUSED_FUNCTION = YES;
				GCC_WARN_UNUSED_VARIABLE = YES;
				IPHONEOS_DEPLOYMENT_TARGET = 8.2;
				MTL_ENABLE_DEBUG_INFO = NO;
				SDKROOT = iphoneos;
				TARGETED_DEVICE_FAMILY = "1,2";
				VALIDATE_PRODUCT = YES;
			};
			name = Release;
		};
		F937B5861AC82BFE0001FB6F /* Debug */ = {
			isa = XCBuildConfiguration;
			baseConfigurationReference = B5C6A2334A7605C1635E03C8 /* Pods.debug.xcconfig */;
			buildSettings = {
				ASSETCATALOG_COMPILER_APPICON_NAME = AppIcon;
				INFOPLIST_FILE = PhotoPicker/Info.plist;
				IPHONEOS_DEPLOYMENT_TARGET = 8.1;
				LD_RUNPATH_SEARCH_PATHS = "$(inherited) @executable_path/Frameworks";
				PRODUCT_NAME = "$(TARGET_NAME)";
				SWIFT_OBJC_BRIDGING_HEADER = "PhotoPicker/PhotoPicker-BridgeHeader.h";
			};
			name = Debug;
		};
		F937B5871AC82BFE0001FB6F /* Release */ = {
			isa = XCBuildConfiguration;
			baseConfigurationReference = 6D3368031B25772DC608BC5F /* Pods.release.xcconfig */;
			buildSettings = {
				ASSETCATALOG_COMPILER_APPICON_NAME = AppIcon;
				INFOPLIST_FILE = PhotoPicker/Info.plist;
				IPHONEOS_DEPLOYMENT_TARGET = 8.1;
				LD_RUNPATH_SEARCH_PATHS = "$(inherited) @executable_path/Frameworks";
				PRODUCT_NAME = "$(TARGET_NAME)";
				SWIFT_OBJC_BRIDGING_HEADER = "PhotoPicker/PhotoPicker-BridgeHeader.h";
			};
			name = Release;
		};
		F937B5891AC82BFE0001FB6F /* Debug */ = {
			isa = XCBuildConfiguration;
			buildSettings = {
				BUNDLE_LOADER = "$(TEST_HOST)";
				FRAMEWORK_SEARCH_PATHS = (
					"$(SDKROOT)/Developer/Library/Frameworks",
					"$(inherited)",
				);
				GCC_PREPROCESSOR_DEFINITIONS = (
					"DEBUG=1",
					"$(inherited)",
				);
				INFOPLIST_FILE = PhotoPickerTests/Info.plist;
				IPHONEOS_DEPLOYMENT_TARGET = 8.1;
				LD_RUNPATH_SEARCH_PATHS = "$(inherited) @executable_path/Frameworks @loader_path/Frameworks";
				PRODUCT_NAME = "$(TARGET_NAME)";
				TEST_HOST = "$(BUILT_PRODUCTS_DIR)/PhotoPicker.app/PhotoPicker";
			};
			name = Debug;
		};
		F937B58A1AC82BFE0001FB6F /* Release */ = {
			isa = XCBuildConfiguration;
			buildSettings = {
				BUNDLE_LOADER = "$(TEST_HOST)";
				FRAMEWORK_SEARCH_PATHS = (
					"$(SDKROOT)/Developer/Library/Frameworks",
					"$(inherited)",
				);
				INFOPLIST_FILE = PhotoPickerTests/Info.plist;
				IPHONEOS_DEPLOYMENT_TARGET = 8.1;
				LD_RUNPATH_SEARCH_PATHS = "$(inherited) @executable_path/Frameworks @loader_path/Frameworks";
				PRODUCT_NAME = "$(TARGET_NAME)";
				TEST_HOST = "$(BUILT_PRODUCTS_DIR)/PhotoPicker.app/PhotoPicker";
			};
			name = Release;
		};
/* End XCBuildConfiguration section */

/* Begin XCConfigurationList section */
		F937B55E1AC82BFD0001FB6F /* Build configuration list for PBXProject "PhotoPicker" */ = {
			isa = XCConfigurationList;
			buildConfigurations = (
				F937B5831AC82BFE0001FB6F /* Debug */,
				F937B5841AC82BFE0001FB6F /* Release */,
			);
			defaultConfigurationIsVisible = 0;
			defaultConfigurationName = Release;
		};
		F937B5851AC82BFE0001FB6F /* Build configuration list for PBXNativeTarget "PhotoPicker" */ = {
			isa = XCConfigurationList;
			buildConfigurations = (
				F937B5861AC82BFE0001FB6F /* Debug */,
				F937B5871AC82BFE0001FB6F /* Release */,
			);
			defaultConfigurationIsVisible = 0;
			defaultConfigurationName = Release;
		};
		F937B5881AC82BFE0001FB6F /* Build configuration list for PBXNativeTarget "PhotoPickerTests" */ = {
			isa = XCConfigurationList;
			buildConfigurations = (
				F937B5891AC82BFE0001FB6F /* Debug */,
				F937B58A1AC82BFE0001FB6F /* Release */,
			);
			defaultConfigurationIsVisible = 0;
			defaultConfigurationName = Release;
		};
/* End XCConfigurationList section */

/* Begin XCVersionGroup section */
		F937B56A1AC82BFD0001FB6F /* PhotoPicker.xcdatamodeld */ = {
			isa = XCVersionGroup;
			children = (
				F937B56B1AC82BFD0001FB6F /* PhotoPicker.xcdatamodel */,
			);
			currentVersion = F937B56B1AC82BFD0001FB6F /* PhotoPicker.xcdatamodel */;
			path = PhotoPicker.xcdatamodeld;
			sourceTree = "<group>";
			versionGroupType = wrapper.xcdatamodel;
		};
/* End XCVersionGroup section */
	};
	rootObject = F937B55B1AC82BFD0001FB6F /* Project object */;
}
